
Microsoft Visual Studio Solution File, Format Version 12.00
# Visual Studio Version 17
VisualStudioVersion = 17.8.34525.116
MinimumVisualStudioVersion = 10.0.40219.1
Project("{FAE04EC0-301F-11D3-BF4B-00C04F79EFBC}") = "ADO_NET_test_1", "ADO_NET_test_1\ADO_NET_test_1.csproj", "{B0C9E5EC-95E6-4CB4-9FC6-16B8A6A5A15C}"
EndProject
Global
	GlobalSection(SolutionConfigurationPlatforms) = preSolution
		Debug|Any CPU = Debug|Any CPU
		Release|Any CPU = Release|Any CPU
	EndGlobalSection
	GlobalSection(ProjectConfigurationPlatforms) = postSolution
		{B0C9E5EC-95E6-4CB4-9FC6-16B8A6A5A15C}.Debug|Any CPU.ActiveCfg = Debug|Any CPU
		{B0C9E5EC-95E6-4CB4-9FC6-16B8A6A5A15C}.Debug|Any CPU.Build.0 = Debug|Any CPU
		{B0C9E5EC-95E6-4CB4-9FC6-16B8A6A5A15C}.Release|Any CPU.ActiveCfg = Release|Any CPU
		{B0C9E5EC-95E6-4CB4-9FC6-16B8A6A5A15C}.Release|Any CPU.Build.0 = Release|Any CPU
	EndGlobalSection
	GlobalSection(SolutionProperties) = preSolution
		HideSolutionNode = FALSE
	EndGlobalSection
	GlobalSection(ExtensibilityGlobals) = postSolution
		SolutionGuid = {639D1F40-7D3C-4DE9-B4ED-27F725B33AE0}
	EndGlobalSection
EndGlobal
