
Microsoft Visual Studio Solution File, Format Version 12.00
# Visual Studio Version 17
VisualStudioVersion = 17.9.34701.34
MinimumVisualStudioVersion = 10.0.40219.1
Project("{FAE04EC0-301F-11D3-BF4B-00C04F79EFBC}") = "AutomapperDemo", "AutomapperDemo\AutomapperDemo.csproj", "{AE77D782-FC66-4298-A724-4CF9AB577D69}"
EndProject
Global
	GlobalSection(SolutionConfigurationPlatforms) = preSolution
		Debug|Any CPU = Debug|Any CPU
		Release|Any CPU = Release|Any CPU
	EndGlobalSection
	GlobalSection(ProjectConfigurationPlatforms) = postSolution
		{AE77D782-FC66-4298-A724-4CF9AB577D69}.Debug|Any CPU.ActiveCfg = Debug|Any CPU
		{AE77D782-FC66-4298-A724-4CF9AB577D69}.Debug|Any CPU.Build.0 = Debug|Any CPU
		{AE77D782-FC66-4298-A724-4CF9AB577D69}.Release|Any CPU.ActiveCfg = Release|Any CPU
		{AE77D782-FC66-4298-A724-4CF9AB577D69}.Release|Any CPU.Build.0 = Release|Any CPU
	EndGlobalSection
	GlobalSection(SolutionProperties) = preSolution
		HideSolutionNode = FALSE
	EndGlobalSection
	GlobalSection(ExtensibilityGlobals) = postSolution
		SolutionGuid = {FE6254D8-DC5F-4E13-8B0F-6B70C660726A}
	EndGlobalSection
EndGlobal
